
Microsoft Visual Studio Solution File, Format Version 12.00
# Visual Studio 15
VisualStudioVersion = 15.0.26430.16
MinimumVisualStudioVersion = 10.0.40219.1
Project("{FAE04EC0-301F-11D3-BF4B-00C04F79EFBC}") = "HolaMundo", "HolaMundo\HolaMundo.csproj", "{C66A1025-CE6A-425D-8123-062F44AB285B}"
EndProject
Project("{FAE04EC0-301F-11D3-BF4B-00C04F79EFBC}") = "Classes", "CustomClasses\Classes.csproj", "{30A2287C-17C9-4113-B84E-ECE1211A41B7}"
EndProject
Project("{FAE04EC0-301F-11D3-BF4B-00C04F79EFBC}") = "SentenciasCondicionales", "SentenciasCondicionales\SentenciasCondicionales.csproj", "{D82C30B0-04DF-451F-A50F-BAD93D16B1D0}"
EndProject
Project("{FAE04EC0-301F-11D3-BF4B-00C04F79EFBC}") = "TiposPredefinidos", "TiposPredefinidos\TiposPredefinidos.csproj", "{9FB138B2-5918-484D-B564-BABAB2E777BA}"
EndProject
Project("{FAE04EC0-301F-11D3-BF4B-00C04F79EFBC}") = "EjerciciosPracticos", "EjerciciosPracticos\EjerciciosPracticos.csproj", "{F130A41E-B409-4682-9BAF-2BD886BEA4A5}"
EndProject
Project("{2150E333-8FDC-42A3-9474-1A3956D46DE8}") = "Intermedio", "Intermedio", "{6174FBA3-8519-4826-83C2-FA14399927AA}"
EndProject
Project("{FAE04EC0-301F-11D3-BF4B-00C04F79EFBC}") = "Listas", "Listas\Listas.csproj", "{22B80FA7-FBA9-411B-8D33-47F2DFD5906C}"
EndProject
Project("{FAE04EC0-301F-11D3-BF4B-00C04F79EFBC}") = "Diccionarios", "Diccionario\Diccionarios.csproj", "{3C3A1C0A-8EC9-4983-B99B-EF06CBCF1A8D}"
EndProject
Project("{FAE04EC0-301F-11D3-BF4B-00C04F79EFBC}") = "Generics", "Generics\Generics.csproj", "{F8DA07A9-653D-4616-889F-D9946CDCB65F}"
EndProject
Project("{FAE04EC0-301F-11D3-BF4B-00C04F79EFBC}") = "Arrays", "Arrays\Arrays.csproj", "{2A75A954-8504-4902-8EC0-7103283C981E}"
EndProject
Project("{FAE04EC0-301F-11D3-BF4B-00C04F79EFBC}") = "LinQ", "LinQ\LinQ.csproj", "{FA261262-11BC-4A0A-9D98-E355F16B9637}"
EndProject
Project("{FAE04EC0-301F-11D3-BF4B-00C04F79EFBC}") = "EjerciciosPracticos", "EjerciciosPracticps\EjerciciosPracticos.csproj", "{149B0034-1AE5-4CAB-BF44-C455A8431B7D}"
EndProject
Project("{FAE04EC0-301F-11D3-BF4B-00C04F79EFBC}") = "TiposPorValorYReferencia", "TiposPorValorYReferencia\TiposPorValorYReferencia.csproj", "{6877FF3A-633D-4F9A-8E92-0BD0774D42EF}"
EndProject
Global
	GlobalSection(SolutionConfigurationPlatforms) = preSolution
		Debug|Any CPU = Debug|Any CPU
		Release|Any CPU = Release|Any CPU
	EndGlobalSection
	GlobalSection(ProjectConfigurationPlatforms) = postSolution
		{C66A1025-CE6A-425D-8123-062F44AB285B}.Debug|Any CPU.ActiveCfg = Debug|Any CPU
		{C66A1025-CE6A-425D-8123-062F44AB285B}.Debug|Any CPU.Build.0 = Debug|Any CPU
		{C66A1025-CE6A-425D-8123-062F44AB285B}.Release|Any CPU.ActiveCfg = Release|Any CPU
		{C66A1025-CE6A-425D-8123-062F44AB285B}.Release|Any CPU.Build.0 = Release|Any CPU
		{30A2287C-17C9-4113-B84E-ECE1211A41B7}.Debug|Any CPU.ActiveCfg = Debug|Any CPU
		{30A2287C-17C9-4113-B84E-ECE1211A41B7}.Debug|Any CPU.Build.0 = Debug|Any CPU
		{30A2287C-17C9-4113-B84E-ECE1211A41B7}.Release|Any CPU.ActiveCfg = Release|Any CPU
		{30A2287C-17C9-4113-B84E-ECE1211A41B7}.Release|Any CPU.Build.0 = Release|Any CPU
		{D82C30B0-04DF-451F-A50F-BAD93D16B1D0}.Debug|Any CPU.ActiveCfg = Debug|Any CPU
		{D82C30B0-04DF-451F-A50F-BAD93D16B1D0}.Debug|Any CPU.Build.0 = Debug|Any CPU
		{D82C30B0-04DF-451F-A50F-BAD93D16B1D0}.Release|Any CPU.ActiveCfg = Release|Any CPU
		{D82C30B0-04DF-451F-A50F-BAD93D16B1D0}.Release|Any CPU.Build.0 = Release|Any CPU
		{9FB138B2-5918-484D-B564-BABAB2E777BA}.Debug|Any CPU.ActiveCfg = Debug|Any CPU
		{9FB138B2-5918-484D-B564-BABAB2E777BA}.Debug|Any CPU.Build.0 = Debug|Any CPU
		{9FB138B2-5918-484D-B564-BABAB2E777BA}.Release|Any CPU.ActiveCfg = Release|Any CPU
		{9FB138B2-5918-484D-B564-BABAB2E777BA}.Release|Any CPU.Build.0 = Release|Any CPU
		{F130A41E-B409-4682-9BAF-2BD886BEA4A5}.Debug|Any CPU.ActiveCfg = Debug|Any CPU
		{F130A41E-B409-4682-9BAF-2BD886BEA4A5}.Debug|Any CPU.Build.0 = Debug|Any CPU
		{F130A41E-B409-4682-9BAF-2BD886BEA4A5}.Release|Any CPU.ActiveCfg = Release|Any CPU
		{F130A41E-B409-4682-9BAF-2BD886BEA4A5}.Release|Any CPU.Build.0 = Release|Any CPU
		{22B80FA7-FBA9-411B-8D33-47F2DFD5906C}.Debug|Any CPU.ActiveCfg = Debug|Any CPU
		{22B80FA7-FBA9-411B-8D33-47F2DFD5906C}.Debug|Any CPU.Build.0 = Debug|Any CPU
		{22B80FA7-FBA9-411B-8D33-47F2DFD5906C}.Release|Any CPU.ActiveCfg = Release|Any CPU
		{22B80FA7-FBA9-411B-8D33-47F2DFD5906C}.Release|Any CPU.Build.0 = Release|Any CPU
		{3C3A1C0A-8EC9-4983-B99B-EF06CBCF1A8D}.Debug|Any CPU.ActiveCfg = Debug|Any CPU
		{3C3A1C0A-8EC9-4983-B99B-EF06CBCF1A8D}.Debug|Any CPU.Build.0 = Debug|Any CPU
		{3C3A1C0A-8EC9-4983-B99B-EF06CBCF1A8D}.Release|Any CPU.ActiveCfg = Release|Any CPU
		{3C3A1C0A-8EC9-4983-B99B-EF06CBCF1A8D}.Release|Any CPU.Build.0 = Release|Any CPU
		{F8DA07A9-653D-4616-889F-D9946CDCB65F}.Debug|Any CPU.ActiveCfg = Debug|Any CPU
		{F8DA07A9-653D-4616-889F-D9946CDCB65F}.Debug|Any CPU.Build.0 = Debug|Any CPU
		{F8DA07A9-653D-4616-889F-D9946CDCB65F}.Release|Any CPU.ActiveCfg = Release|Any CPU
		{F8DA07A9-653D-4616-889F-D9946CDCB65F}.Release|Any CPU.Build.0 = Release|Any CPU
		{2A75A954-8504-4902-8EC0-7103283C981E}.Debug|Any CPU.ActiveCfg = Debug|Any CPU
		{2A75A954-8504-4902-8EC0-7103283C981E}.Debug|Any CPU.Build.0 = Debug|Any CPU
		{2A75A954-8504-4902-8EC0-7103283C981E}.Release|Any CPU.ActiveCfg = Release|Any CPU
		{2A75A954-8504-4902-8EC0-7103283C981E}.Release|Any CPU.Build.0 = Release|Any CPU
		{FA261262-11BC-4A0A-9D98-E355F16B9637}.Debug|Any CPU.ActiveCfg = Debug|Any CPU
		{FA261262-11BC-4A0A-9D98-E355F16B9637}.Debug|Any CPU.Build.0 = Debug|Any CPU
		{FA261262-11BC-4A0A-9D98-E355F16B9637}.Release|Any CPU.ActiveCfg = Release|Any CPU
		{FA261262-11BC-4A0A-9D98-E355F16B9637}.Release|Any CPU.Build.0 = Release|Any CPU
		{149B0034-1AE5-4CAB-BF44-C455A8431B7D}.Debug|Any CPU.ActiveCfg = Debug|Any CPU
		{149B0034-1AE5-4CAB-BF44-C455A8431B7D}.Debug|Any CPU.Build.0 = Debug|Any CPU
		{149B0034-1AE5-4CAB-BF44-C455A8431B7D}.Release|Any CPU.ActiveCfg = Release|Any CPU
		{149B0034-1AE5-4CAB-BF44-C455A8431B7D}.Release|Any CPU.Build.0 = Release|Any CPU
		{6877FF3A-633D-4F9A-8E92-0BD0774D42EF}.Debug|Any CPU.ActiveCfg = Debug|Any CPU
		{6877FF3A-633D-4F9A-8E92-0BD0774D42EF}.Debug|Any CPU.Build.0 = Debug|Any CPU
		{6877FF3A-633D-4F9A-8E92-0BD0774D42EF}.Release|Any CPU.ActiveCfg = Release|Any CPU
		{6877FF3A-633D-4F9A-8E92-0BD0774D42EF}.Release|Any CPU.Build.0 = Release|Any CPU
	EndGlobalSection
	GlobalSection(SolutionProperties) = preSolution
		HideSolutionNode = FALSE
	EndGlobalSection
	GlobalSection(NestedProjects) = preSolution
		{22B80FA7-FBA9-411B-8D33-47F2DFD5906C} = {6174FBA3-8519-4826-83C2-FA14399927AA}
		{3C3A1C0A-8EC9-4983-B99B-EF06CBCF1A8D} = {6174FBA3-8519-4826-83C2-FA14399927AA}
		{F8DA07A9-653D-4616-889F-D9946CDCB65F} = {6174FBA3-8519-4826-83C2-FA14399927AA}
		{2A75A954-8504-4902-8EC0-7103283C981E} = {6174FBA3-8519-4826-83C2-FA14399927AA}
		{FA261262-11BC-4A0A-9D98-E355F16B9637} = {6174FBA3-8519-4826-83C2-FA14399927AA}
		{149B0034-1AE5-4CAB-BF44-C455A8431B7D} = {6174FBA3-8519-4826-83C2-FA14399927AA}
	EndGlobalSection
	GlobalSection(ExtensibilityGlobals) = postSolution
		SolutionGuid = {B2F42DDA-7FC5-455C-A7E7-1C0A78C8B327}
	EndGlobalSection
EndGlobal
